<?xml version="1.0" encoding="utf-8"?>
<Project ToolsVersion="4.0" xmlns="http://schemas.microsoft.com/developer/msbuild/2003">
  <ItemGroup>
    <Filter Include="Quelldateien">
      <UniqueIdentifier>{4FC737F1-C7A5-4376-A066-2A32D752A2FF}</UniqueIdentifier>
      <Extensions>cpp;c;cc;cxx;def;odl;idl;hpj;bat;asm;asmx</Extensions>
    </Filter>
    <Filter Include="Headerdateien">
      <UniqueIdentifier>{93995380-89BD-4b04-88EB-625FBE52EBFB}</UniqueIdentifier>
      <Extensions>h;hh;hpp;hxx;hm;inl;inc;xsd</Extensions>
    </Filter>
    <Filter Include="Ressourcendateien">
      <UniqueIdentifier>{67DA6AB6-F800-4c08-8B7A-83BB121AAD01}</UniqueIdentifier>
      <Extensions>rc;ico;cur;bmp;dlg;rc2;rct;bin;rgs;gif;jpg;jpeg;jpe;resx;tiff;tif;png;wav;mfcribbon-ms</Extensions>
    </Filter>
    <Filter Include="Headerdateien\CloakCallback">
      <UniqueIdentifier>{078ca488-3f99-40cd-b28e-2fac39943cd0}</UniqueIdentifier>
    </Filter>
    <Filter Include="Quelldateien\CloakCallback">
      <UniqueIdentifier>{ca3370ed-dae9-4420-ae68-5544a5a27ce0}</UniqueIdentifier>
    </Filter>
    <Filter Include="Headerdateien\Window">
      <UniqueIdentifier>{2ce66d0c-a533-43a9-871e-82c441a60251}</UniqueIdentifier>
    </Filter>
    <Filter Include="Quelldateien\Window">
      <UniqueIdentifier>{bf0e98b4-2ff1-46ce-be0a-b12d667d8539}</UniqueIdentifier>
    </Filter>
    <Filter Include="Headerdateien\Project">
      <UniqueIdentifier>{45e981fe-7268-47c3-af7a-61cff3fccde6}</UniqueIdentifier>
    </Filter>
    <Filter Include="Quelldateien\Project">
      <UniqueIdentifier>{40d93dc3-4baf-4d5e-9359-ea486aaab946}</UniqueIdentifier>
    </Filter>
    <Filter Include="Headerdateien\Document">
      <UniqueIdentifier>{cb857ac6-0f61-4338-8f55-df6087fc47d9}</UniqueIdentifier>
    </Filter>
    <Filter Include="Quelldateien\Document">
      <UniqueIdentifier>{e1103544-5f12-45ba-8505-eb1567fc5c88}</UniqueIdentifier>
    </Filter>
  </ItemGroup>
  <ItemGroup>
    <Text Include="ReadMe.txt" />
  </ItemGroup>
  <ItemGroup>
    <ClInclude Include="stdafx.h">
      <Filter>Headerdateien</Filter>
    </ClInclude>
    <ClInclude Include="targetver.h">
      <Filter>Headerdateien</Filter>
    </ClInclude>
    <ClInclude Include="Resource.h">
      <Filter>Headerdateien</Filter>
    </ClInclude>
    <ClInclude Include="CloakEditor.h">
      <Filter>Headerdateien</Filter>
    </ClInclude>
    <ClInclude Include="CloakCallback\CEGame.h">
      <Filter>Headerdateien\CloakCallback</Filter>
    </ClInclude>
    <ClInclude Include="CloakCallback\CEFactory.h">
      <Filter>Headerdateien\CloakCallback</Filter>
    </ClInclude>
    <ClInclude Include="CloakCallback\CEInput.h">
      <Filter>Headerdateien\CloakCallback</Filter>
    </ClInclude>
    <ClInclude Include="Window\MainFrame.h">
      <Filter>Headerdateien\Window</Filter>
    </ClInclude>
    <ClInclude Include="AFXCore.h">
      <Filter>Headerdateien</Filter>
    </ClInclude>
    <ClInclude Include="Window\FileView.h">
      <Filter>Headerdateien\Window</Filter>
    </ClInclude>
    <ClInclude Include="Project\Project.h">
      <Filter>Headerdateien\Project</Filter>
    </ClInclude>
    <ClInclude Include="Project\FileTree.h">
      <Filter>Headerdateien\Project</Filter>
    </ClInclude>
    <ClInclude Include="Window\Output.h">
      <Filter>Headerdateien\Window</Filter>
    </ClInclude>
    <ClInclude Include="CloakCallback\CEDebug.h">
      <Filter>Headerdateien\CloakCallback</Filter>
    </ClInclude>
    <ClInclude Include="Window\StatusBar.h">
      <Filter>Headerdateien\Window</Filter>
    </ClInclude>
    <ClInclude Include="UndoManager.h">
      <Filter>Headerdateien</Filter>
    </ClInclude>
    <ClInclude Include="Window\EngineWindow.h">
      <Filter>Headerdateien\Window</Filter>
    </ClInclude>
    <ClInclude Include="Document\MeshDoc.h">
      <Filter>Headerdateien\Document</Filter>
    </ClInclude>
    <ClInclude Include="Window\MDIFrame.h">
      <Filter>Headerdateien\Window</Filter>
    </ClInclude>
    <ClInclude Include="Document\ImageDoc.h">
      <Filter>Headerdateien\Document</Filter>
    </ClInclude>
  </ItemGroup>
  <ItemGroup>
    <ClCompile Include="stdafx.cpp">
      <Filter>Quelldateien</Filter>
    </ClCompile>
    <ClCompile Include="CloakEditor.cpp">
      <Filter>Quelldateien</Filter>
    </ClCompile>
    <ClCompile Include="CEInput.cpp">
      <Filter>Quelldateien\CloakCallback</Filter>
    </ClCompile>
    <ClCompile Include="CEGame.cpp">
      <Filter>Quelldateien\CloakCallback</Filter>
    </ClCompile>
    <ClCompile Include="CEFactory.cpp">
      <Filter>Quelldateien\CloakCallback</Filter>
    </ClCompile>
    <ClCompile Include="MainFrame.cpp">
      <Filter>Quelldateien\Window</Filter>
    </ClCompile>
    <ClCompile Include="FileView.cpp">
      <Filter>Quelldateien\Window</Filter>
    </ClCompile>
    <ClCompile Include="FileTree.cpp">
      <Filter>Quelldateien\Project</Filter>
    </ClCompile>
    <ClCompile Include="Project.cpp">
      <Filter>Quelldateien\Project</Filter>
    </ClCompile>
    <ClCompile Include="Output.cpp">
      <Filter>Quelldateien\Window</Filter>
    </ClCompile>
    <ClCompile Include="CEDebug.cpp">
      <Filter>Quelldateien\CloakCallback</Filter>
    </ClCompile>
    <ClCompile Include="StatusBar.cpp">
      <Filter>Quelldateien\Window</Filter>
    </ClCompile>
    <ClCompile Include="UndoManager.cpp">
      <Filter>Quelldateien</Filter>
    </ClCompile>
    <ClCompile Include="EngineWindow.cpp">
      <Filter>Quelldateien\Window</Filter>
    </ClCompile>
    <ClCompile Include="MeshDoc.cpp">
      <Filter>Quelldateien\Document</Filter>
    </ClCompile>
    <ClCompile Include="MDIFrame.cpp">
      <Filter>Quelldateien\Window</Filter>
    </ClCompile>
    <ClCompile Include="ImageDoc.cpp">
      <Filter>Quelldateien\Document</Filter>
    </ClCompile>
  </ItemGroup>
  <ItemGroup>
    <ResourceCompile Include="CloakEditor.rc">
      <Filter>Ressourcendateien</Filter>
    </ResourceCompile>
  </ItemGroup>
  <ItemGroup>
    <Image Include="toolbar1.bmp">
      <Filter>Ressourcendateien</Filter>
    </Image>
    <Image Include="bmp00001.bmp">
      <Filter>Ressourcendateien</Filter>
    </Image>
    <Image Include="bitmap1.bmp">
      <Filter>Ressourcendateien</Filter>
    </Image>
    <Image Include="icon1.ico">
      <Filter>Ressourcendateien</Filter>
    </Image>
    <Image Include="bmp00002.bmp">
      <Filter>Ressourcendateien</Filter>
    </Image>
  </ItemGroup>
</Project>